
Microsoft Visual Studio Solution File, Format Version 12.00
# Visual Studio Version 17
VisualStudioVersion = 17.4.33122.133
MinimumVisualStudioVersion = 10.0.40219.1
Project("{FAE04EC0-301F-11D3-BF4B-00C04F79EFBC}") = "MagicVilla_VillaAPI", "MagicVilla_VillaAPI\MagicVilla_VillaAPI.csproj", "{1C3B6B4B-FD71-4688-BA49-E984AB72FB83}"
EndProject
Global
	GlobalSection(SolutionConfigurationPlatforms) = preSolution
		Debug|Any CPU = Debug|Any CPU
		Release|Any CPU = Release|Any CPU
	EndGlobalSection
	GlobalSection(ProjectConfigurationPlatforms) = postSolution
		{1C3B6B4B-FD71-4688-BA49-E984AB72FB83}.Debug|Any CPU.ActiveCfg = Debug|Any CPU
		{1C3B6B4B-FD71-4688-BA49-E984AB72FB83}.Debug|Any CPU.Build.0 = Debug|Any CPU
		{1C3B6B4B-FD71-4688-BA49-E984AB72FB83}.Release|Any CPU.ActiveCfg = Release|Any CPU
		{1C3B6B4B-FD71-4688-BA49-E984AB72FB83}.Release|Any CPU.Build.0 = Release|Any CPU
	EndGlobalSection
	GlobalSection(SolutionProperties) = preSolution
		HideSolutionNode = FALSE
	EndGlobalSection
	GlobalSection(ExtensibilityGlobals) = postSolution
		SolutionGuid = {453E01C5-18A8-45FA-A0F1-AA6BDA44E04B}
	EndGlobalSection
EndGlobal
